// !$*UTF8*$!
{
	archiveVersion = 1;
	classes = {
	};
	objectVersion = 51;
	objects = {

/* Begin PBXBuildFile section */
		421183B02508B72300AB3A45 /* FYNumberPadModel.m in Sources */ = {isa = PBXBuildFile; fileRef = 421183A52508B72300AB3A45 /* FYNumberPadModel.m */; };
		421183B12508B72300AB3A45 /* FYNumberKeybordView.m in Sources */ = {isa = PBXBuildFile; fileRef = 421183A62508B72300AB3A45 /* FYNumberKeybordView.m */; };
		421183B22508B72300AB3A45 /* FYCursorNumberKeybordView.m in Sources */ = {isa = PBXBuildFile; fileRef = 421183A82508B72300AB3A45 /* FYCursorNumberKeybordView.m */; };
		421183B32508B72300AB3A45 /* FYIDPadView.m in Sources */ = {isa = PBXBuildFile; fileRef = 421183AC2508B72300AB3A45 /* FYIDPadView.m */; };
		421183B42508B72300AB3A45 /* FYKeybordFactory.m in Sources */ = {isa = PBXBuildFile; fileRef = 421183AD2508B72300AB3A45 /* FYKeybordFactory.m */; };
		421183B52508B72300AB3A45 /* icon_kb_del@3x.png in Resources */ = {isa = PBXBuildFile; fileRef = 421183AE2508B72300AB3A45 /* icon_kb_del@3x.png */; };
		425F31AB24FF9E240041858A /* YJHttpRequest.m in Sources */ = {isa = PBXBuildFile; fileRef = 425F31A724FF9E240041858A /* YJHttpRequest.m */; };
		425F31AC24FF9E240041858A /* YJJsonKit.m in Sources */ = {isa = PBXBuildFile; fileRef = 425F31A924FF9E240041858A /* YJJsonKit.m */; };
		42ABDCEE24F8B7AA00E7ADF8 /* AppDelegate.m in Sources */ = {isa = PBXBuildFile; fileRef = 42ABDCED24F8B7AA00E7ADF8 /* AppDelegate.m */; };
		42ABDCF924F8B7AD00E7ADF8 /* Assets.xcassets in Resources */ = {isa = PBXBuildFile; fileRef = 42ABDCF824F8B7AD00E7ADF8 /* Assets.xcassets */; };
		42ABDCFC24F8B7AD00E7ADF8 /* LaunchScreen.storyboard in Resources */ = {isa = PBXBuildFile; fileRef = 42ABDCFA24F8B7AD00E7ADF8 /* LaunchScreen.storyboard */; };
		42ABDCFF24F8B7AD00E7ADF8 /* main.m in Sources */ = {isa = PBXBuildFile; fileRef = 42ABDCFE24F8B7AD00E7ADF8 /* main.m */; };
		42ABDD0C24F8B8D300E7ADF8 /* RootViewController.m in Sources */ = {isa = PBXBuildFile; fileRef = 42ABDD0A24F8B8D300E7ADF8 /* RootViewController.m */; };
		42ABDD2824FC9A7900E7ADF8 /* MainViewController.m in Sources */ = {isa = PBXBuildFile; fileRef = 42ABDD2724FC9A7900E7ADF8 /* MainViewController.m */; };
		42ABDD3724FCD55000E7ADF8 /* UINavigationController+FDFullscreenPopGesture.m in Sources */ = {isa = PBXBuildFile; fileRef = 42ABDD3624FCD55000E7ADF8 /* UINavigationController+FDFullscreenPopGesture.m */; };
		42ABDD4624FCFA4F00E7ADF8 /* BaseViewController.m in Sources */ = {isa = PBXBuildFile; fileRef = 42ABDD4524FCFA4F00E7ADF8 /* BaseViewController.m */; };
		42AE3EEC24FE2B7000675837 /* WebViewViewController.m in Sources */ = {isa = PBXBuildFile; fileRef = 42AE3EEA24FE2B7000675837 /* WebViewViewController.m */; };
		42AE3EF324FE3B7400675837 /* UserAgentUtil.m in Sources */ = {isa = PBXBuildFile; fileRef = 42AE3EF224FE3B7400675837 /* UserAgentUtil.m */; };
		42AE3EF724FE3CA300675837 /* UIDevice+IdentifierAddition.m in Sources */ = {isa = PBXBuildFile; fileRef = 42AE3EF524FE3CA300675837 /* UIDevice+IdentifierAddition.m */; };
		42AE3EFE24FE3D1E00675837 /* MobileSimModel.m in Sources */ = {isa = PBXBuildFile; fileRef = 42AE3EFA24FE3D1E00675837 /* MobileSimModel.m */; };
		42AE3EFF24FE3D1E00675837 /* MobileSimUtil.m in Sources */ = {isa = PBXBuildFile; fileRef = 42AE3EFD24FE3D1E00675837 /* MobileSimUtil.m */; };
		42AE3F0224FE3D4200675837 /* NSString+MD5.m in Sources */ = {isa = PBXBuildFile; fileRef = 42AE3F0124FE3D4200675837 /* NSString+MD5.m */; };
		42C6905A2501E94E00BAD42B /* YJBridge.html in Resources */ = {isa = PBXBuildFile; fileRef = 42C690592501E94E00BAD42B /* YJBridge.html */; };
		42C690642502283500BAD42B /* NSMutableArray+QueueAdditions.m in Sources */ = {isa = PBXBuildFile; fileRef = 42C690632502283500BAD42B /* NSMutableArray+QueueAdditions.m */; };
		42F3579525061898008CE547 /* BackNavigationBar.m in Sources */ = {isa = PBXBuildFile; fileRef = 42F3579425061898008CE547 /* BackNavigationBar.m */; };
		42F3579825062FC3008CE547 /* WebViewJavascriptBridge.js in Resources */ = {isa = PBXBuildFile; fileRef = 42F3579725062FC3008CE547 /* WebViewJavascriptBridge.js */; };
		42F357A725062FCF008CE547 /* ModuleContext.m in Sources */ = {isa = PBXBuildFile; fileRef = 42F3579F25062FCF008CE547 /* ModuleContext.m */; };
		42F357AB25077F27008CE547 /* ModuleNative.m in Sources */ = {isa = PBXBuildFile; fileRef = 42F357AA25077F27008CE547 /* ModuleNative.m */; };
		42FFAFE224FF2C4F00199C7E /* WMPageController.m in Sources */ = {isa = PBXBuildFile; fileRef = 42FFAFD524FF2C4F00199C7E /* WMPageController.m */; };
		42FFAFE324FF2C4F00199C7E /* UIViewController+WMPageController.m in Sources */ = {isa = PBXBuildFile; fileRef = 42FFAFD624FF2C4F00199C7E /* UIViewController+WMPageController.m */; };
		42FFAFE424FF2C4F00199C7E /* WMMenuItem.m in Sources */ = {isa = PBXBuildFile; fileRef = 42FFAFDC24FF2C4F00199C7E /* WMMenuItem.m */; };
		42FFAFE524FF2C4F00199C7E /* WMScrollView.m in Sources */ = {isa = PBXBuildFile; fileRef = 42FFAFDD24FF2C4F00199C7E /* WMScrollView.m */; };
		42FFAFE624FF2C4F00199C7E /* WMMenuView.m in Sources */ = {isa = PBXBuildFile; fileRef = 42FFAFDE24FF2C4F00199C7E /* WMMenuView.m */; };
		42FFAFE724FF2C4F00199C7E /* WMProgressView.m in Sources */ = {isa = PBXBuildFile; fileRef = 42FFAFDF24FF2C4F00199C7E /* WMProgressView.m */; };
		4B5C866A70DC2FFEA0918AF9 /* libPods-JamKit.a in Frameworks */ = {isa = PBXBuildFile; fileRef = 1D8C4175C81B10EDFEF713CF /* libPods-JamKit.a */; };
/* End PBXBuildFile section */

/* Begin PBXFileReference section */
		1D8C4175C81B10EDFEF713CF /* libPods-JamKit.a */ = {isa = PBXFileReference; explicitFileType = archive.ar; includeInIndex = 0; path = "libPods-JamKit.a"; sourceTree = BUILT_PRODUCTS_DIR; };
		421183A32508B72300AB3A45 /* FYNumberKeybordView.h */ = {isa = PBXFileReference; fileEncoding = 4; lastKnownFileType = sourcecode.c.h; path = FYNumberKeybordView.h; sourceTree = "<group>"; };
		421183A42508B72300AB3A45 /* FYCursorNumberKeybordView.h */ = {isa = PBXFileReference; fileEncoding = 4; lastKnownFileType = sourcecode.c.h; path = FYCursorNumberKeybordView.h; sourceTree = "<group>"; };
		421183A52508B72300AB3A45 /* FYNumberPadModel.m */ = {isa = PBXFileReference; fileEncoding = 4; lastKnownFileType = sourcecode.c.objc; path = FYNumberPadModel.m; sourceTree = "<group>"; };
		421183A62508B72300AB3A45 /* FYNumberKeybordView.m */ = {isa = PBXFileReference; fileEncoding = 4; lastKnownFileType = sourcecode.c.objc; path = FYNumberKeybordView.m; sourceTree = "<group>"; };
		421183A72508B72300AB3A45 /* FYNumberPadModel.h */ = {isa = PBXFileReference; fileEncoding = 4; lastKnownFileType = sourcecode.c.h; path = FYNumberPadModel.h; sourceTree = "<group>"; };
		421183A82508B72300AB3A45 /* FYCursorNumberKeybordView.m */ = {isa = PBXFileReference; fileEncoding = 4; lastKnownFileType = sourcecode.c.objc; path = FYCursorNumberKeybordView.m; sourceTree = "<group>"; };
		421183A92508B72300AB3A45 /* FYKeybordEnumFile.h */ = {isa = PBXFileReference; fileEncoding = 4; lastKnownFileType = sourcecode.c.h; path = FYKeybordEnumFile.h; sourceTree = "<group>"; };
		421183AB2508B72300AB3A45 /* FYIDPadView.h */ = {isa = PBXFileReference; fileEncoding = 4; lastKnownFileType = sourcecode.c.h; path = FYIDPadView.h; sourceTree = "<group>"; };
		421183AC2508B72300AB3A45 /* FYIDPadView.m */ = {isa = PBXFileReference; fileEncoding = 4; lastKnownFileType = sourcecode.c.objc; path = FYIDPadView.m; sourceTree = "<group>"; };
		421183AD2508B72300AB3A45 /* FYKeybordFactory.m */ = {isa = PBXFileReference; fileEncoding = 4; lastKnownFileType = sourcecode.c.objc; path = FYKeybordFactory.m; sourceTree = "<group>"; };
		421183AE2508B72300AB3A45 /* icon_kb_del@3x.png */ = {isa = PBXFileReference; lastKnownFileType = image.png; path = "icon_kb_del@3x.png"; sourceTree = "<group>"; };
		421183AF2508B72300AB3A45 /* FYKeybordFactory.h */ = {isa = PBXFileReference; fileEncoding = 4; lastKnownFileType = sourcecode.c.h; path = FYKeybordFactory.h; sourceTree = "<group>"; };
		425F31A624FF9E240041858A /* YJHttpRequest.h */ = {isa = PBXFileReference; fileEncoding = 4; lastKnownFileType = sourcecode.c.h; path = YJHttpRequest.h; sourceTree = "<group>"; };
		425F31A724FF9E240041858A /* YJHttpRequest.m */ = {isa = PBXFileReference; fileEncoding = 4; lastKnownFileType = sourcecode.c.objc; path = YJHttpRequest.m; sourceTree = "<group>"; };
		425F31A924FF9E240041858A /* YJJsonKit.m */ = {isa = PBXFileReference; fileEncoding = 4; lastKnownFileType = sourcecode.c.objc; path = YJJsonKit.m; sourceTree = "<group>"; };
		425F31AA24FF9E240041858A /* YJJsonKit.h */ = {isa = PBXFileReference; fileEncoding = 4; lastKnownFileType = sourcecode.c.h; path = YJJsonKit.h; sourceTree = "<group>"; };
		42ABDCE924F8B7AA00E7ADF8 /* JamKit.app */ = {isa = PBXFileReference; explicitFileType = wrapper.application; includeInIndex = 0; path = JamKit.app; sourceTree = BUILT_PRODUCTS_DIR; };
		42ABDCEC24F8B7AA00E7ADF8 /* AppDelegate.h */ = {isa = PBXFileReference; lastKnownFileType = sourcecode.c.h; path = AppDelegate.h; sourceTree = "<group>"; };
		42ABDCED24F8B7AA00E7ADF8 /* AppDelegate.m */ = {isa = PBXFileReference; lastKnownFileType = sourcecode.c.objc; path = AppDelegate.m; sourceTree = "<group>"; };
		42ABDCF824F8B7AD00E7ADF8 /* Assets.xcassets */ = {isa = PBXFileReference; lastKnownFileType = folder.assetcatalog; path = Assets.xcassets; sourceTree = "<group>"; };
		42ABDCFB24F8B7AD00E7ADF8 /* Base */ = {isa = PBXFileReference; lastKnownFileType = file.storyboard; name = Base; path = Base.lproj/LaunchScreen.storyboard; sourceTree = "<group>"; };
		42ABDCFD24F8B7AD00E7ADF8 /* Info.plist */ = {isa = PBXFileReference; lastKnownFileType = text.plist.xml; path = Info.plist; sourceTree = "<group>"; };
		42ABDCFE24F8B7AD00E7ADF8 /* main.m */ = {isa = PBXFileReference; lastKnownFileType = sourcecode.c.objc; path = main.m; sourceTree = "<group>"; };
		42ABDD0A24F8B8D300E7ADF8 /* RootViewController.m */ = {isa = PBXFileReference; fileEncoding = 4; lastKnownFileType = sourcecode.c.objc; path = RootViewController.m; sourceTree = "<group>"; };
		42ABDD0B24F8B8D300E7ADF8 /* RootViewController.h */ = {isa = PBXFileReference; fileEncoding = 4; lastKnownFileType = sourcecode.c.h; path = RootViewController.h; sourceTree = "<group>"; };
		42ABDD2224FC95DA00E7ADF8 /* Constant.h */ = {isa = PBXFileReference; lastKnownFileType = sourcecode.c.h; path = Constant.h; sourceTree = "<group>"; };
		42ABDD2624FC9A7900E7ADF8 /* MainViewController.h */ = {isa = PBXFileReference; lastKnownFileType = sourcecode.c.h; path = MainViewController.h; sourceTree = "<group>"; };
		42ABDD2724FC9A7900E7ADF8 /* MainViewController.m */ = {isa = PBXFileReference; lastKnownFileType = sourcecode.c.objc; path = MainViewController.m; sourceTree = "<group>"; };
		42ABDD3524FCD55000E7ADF8 /* UINavigationController+FDFullscreenPopGesture.h */ = {isa = PBXFileReference; fileEncoding = 4; lastKnownFileType = sourcecode.c.h; path = "UINavigationController+FDFullscreenPopGesture.h"; sourceTree = "<group>"; };
		42ABDD3624FCD55000E7ADF8 /* UINavigationController+FDFullscreenPopGesture.m */ = {isa = PBXFileReference; fileEncoding = 4; lastKnownFileType = sourcecode.c.objc; path = "UINavigationController+FDFullscreenPopGesture.m"; sourceTree = "<group>"; };
		42ABDD3E24FCDB5500E7ADF8 /* PrefixHeader.pch */ = {isa = PBXFileReference; lastKnownFileType = sourcecode.c.h; path = PrefixHeader.pch; sourceTree = "<group>"; };
		42ABDD4424FCFA4F00E7ADF8 /* BaseViewController.h */ = {isa = PBXFileReference; lastKnownFileType = sourcecode.c.h; path = BaseViewController.h; sourceTree = "<group>"; };
		42ABDD4524FCFA4F00E7ADF8 /* BaseViewController.m */ = {isa = PBXFileReference; lastKnownFileType = sourcecode.c.objc; path = BaseViewController.m; sourceTree = "<group>"; };
		42AE3EEA24FE2B7000675837 /* WebViewViewController.m */ = {isa = PBXFileReference; fileEncoding = 4; lastKnownFileType = sourcecode.c.objc; path = WebViewViewController.m; sourceTree = "<group>"; };
		42AE3EEB24FE2B7000675837 /* WebViewViewController.h */ = {isa = PBXFileReference; fileEncoding = 4; lastKnownFileType = sourcecode.c.h; path = WebViewViewController.h; sourceTree = "<group>"; };
		42AE3EEE24FE38ED00675837 /* NotificationName.h */ = {isa = PBXFileReference; fileEncoding = 4; lastKnownFileType = sourcecode.c.h; path = NotificationName.h; sourceTree = "<group>"; };
		42AE3EF124FE3B7400675837 /* UserAgentUtil.h */ = {isa = PBXFileReference; fileEncoding = 4; lastKnownFileType = sourcecode.c.h; path = UserAgentUtil.h; sourceTree = "<group>"; };
		42AE3EF224FE3B7400675837 /* UserAgentUtil.m */ = {isa = PBXFileReference; fileEncoding = 4; lastKnownFileType = sourcecode.c.objc; path = UserAgentUtil.m; sourceTree = "<group>"; };
		42AE3EF524FE3CA300675837 /* UIDevice+IdentifierAddition.m */ = {isa = PBXFileReference; fileEncoding = 4; lastKnownFileType = sourcecode.c.objc; path = "UIDevice+IdentifierAddition.m"; sourceTree = "<group>"; };
		42AE3EF624FE3CA300675837 /* UIDevice+IdentifierAddition.h */ = {isa = PBXFileReference; fileEncoding = 4; lastKnownFileType = sourcecode.c.h; path = "UIDevice+IdentifierAddition.h"; sourceTree = "<group>"; };
		42AE3EFA24FE3D1E00675837 /* MobileSimModel.m */ = {isa = PBXFileReference; fileEncoding = 4; lastKnownFileType = sourcecode.c.objc; path = MobileSimModel.m; sourceTree = "<group>"; };
		42AE3EFB24FE3D1E00675837 /* MobileSimUtil.h */ = {isa = PBXFileReference; fileEncoding = 4; lastKnownFileType = sourcecode.c.h; path = MobileSimUtil.h; sourceTree = "<group>"; };
		42AE3EFC24FE3D1E00675837 /* MobileSimModel.h */ = {isa = PBXFileReference; fileEncoding = 4; lastKnownFileType = sourcecode.c.h; path = MobileSimModel.h; sourceTree = "<group>"; };
		42AE3EFD24FE3D1E00675837 /* MobileSimUtil.m */ = {isa = PBXFileReference; fileEncoding = 4; lastKnownFileType = sourcecode.c.objc; path = MobileSimUtil.m; sourceTree = "<group>"; };
		42AE3F0024FE3D4200675837 /* NSString+MD5.h */ = {isa = PBXFileReference; fileEncoding = 4; lastKnownFileType = sourcecode.c.h; path = "NSString+MD5.h"; sourceTree = "<group>"; };
		42AE3F0124FE3D4200675837 /* NSString+MD5.m */ = {isa = PBXFileReference; fileEncoding = 4; lastKnownFileType = sourcecode.c.objc; path = "NSString+MD5.m"; sourceTree = "<group>"; };
		42C690592501E94E00BAD42B /* YJBridge.html */ = {isa = PBXFileReference; fileEncoding = 4; lastKnownFileType = text.html; path = YJBridge.html; sourceTree = "<group>"; };
		42C690622502283500BAD42B /* NSMutableArray+QueueAdditions.h */ = {isa = PBXFileReference; fileEncoding = 4; lastKnownFileType = sourcecode.c.h; path = "NSMutableArray+QueueAdditions.h"; sourceTree = "<group>"; };
		42C690632502283500BAD42B /* NSMutableArray+QueueAdditions.m */ = {isa = PBXFileReference; fileEncoding = 4; lastKnownFileType = sourcecode.c.objc; path = "NSMutableArray+QueueAdditions.m"; sourceTree = "<group>"; };
		42F3579325061898008CE547 /* BackNavigationBar.h */ = {isa = PBXFileReference; fileEncoding = 4; lastKnownFileType = sourcecode.c.h; path = BackNavigationBar.h; sourceTree = "<group>"; };
		42F3579425061898008CE547 /* BackNavigationBar.m */ = {isa = PBXFileReference; fileEncoding = 4; lastKnownFileType = sourcecode.c.objc; path = BackNavigationBar.m; sourceTree = "<group>"; };
		42F3579725062FC3008CE547 /* WebViewJavascriptBridge.js */ = {isa = PBXFileReference; fileEncoding = 4; lastKnownFileType = sourcecode.javascript; path = WebViewJavascriptBridge.js; sourceTree = "<group>"; };
		42F3579A25062FCF008CE547 /* ModuleContext.h */ = {isa = PBXFileReference; fileEncoding = 4; lastKnownFileType = sourcecode.c.h; path = ModuleContext.h; sourceTree = "<group>"; };
		42F3579F25062FCF008CE547 /* ModuleContext.m */ = {isa = PBXFileReference; fileEncoding = 4; lastKnownFileType = sourcecode.c.objc; path = ModuleContext.m; sourceTree = "<group>"; };
		42F357A925077F27008CE547 /* ModuleNative.h */ = {isa = PBXFileReference; lastKnownFileType = sourcecode.c.h; path = ModuleNative.h; sourceTree = "<group>"; };
		42F357AA25077F27008CE547 /* ModuleNative.m */ = {isa = PBXFileReference; lastKnownFileType = sourcecode.c.objc; path = ModuleNative.m; sourceTree = "<group>"; };
		42FFAFD524FF2C4F00199C7E /* WMPageController.m */ = {isa = PBXFileReference; fileEncoding = 4; lastKnownFileType = sourcecode.c.objc; path = WMPageController.m; sourceTree = "<group>"; };
		42FFAFD624FF2C4F00199C7E /* UIViewController+WMPageController.m */ = {isa = PBXFileReference; fileEncoding = 4; lastKnownFileType = sourcecode.c.objc; path = "UIViewController+WMPageController.m"; sourceTree = "<group>"; };
		42FFAFD824FF2C4F00199C7E /* WMScrollView.h */ = {isa = PBXFileReference; fileEncoding = 4; lastKnownFileType = sourcecode.c.h; path = WMScrollView.h; sourceTree = "<group>"; };
		42FFAFD924FF2C4F00199C7E /* WMMenuItem.h */ = {isa = PBXFileReference; fileEncoding = 4; lastKnownFileType = sourcecode.c.h; path = WMMenuItem.h; sourceTree = "<group>"; };
		42FFAFDA24FF2C4F00199C7E /* WMMenuView.h */ = {isa = PBXFileReference; fileEncoding = 4; lastKnownFileType = sourcecode.c.h; path = WMMenuView.h; sourceTree = "<group>"; };
		42FFAFDB24FF2C4F00199C7E /* WMProgressView.h */ = {isa = PBXFileReference; fileEncoding = 4; lastKnownFileType = sourcecode.c.h; path = WMProgressView.h; sourceTree = "<group>"; };
		42FFAFDC24FF2C4F00199C7E /* WMMenuItem.m */ = {isa = PBXFileReference; fileEncoding = 4; lastKnownFileType = sourcecode.c.objc; path = WMMenuItem.m; sourceTree = "<group>"; };
		42FFAFDD24FF2C4F00199C7E /* WMScrollView.m */ = {isa = PBXFileReference; fileEncoding = 4; lastKnownFileType = sourcecode.c.objc; path = WMScrollView.m; sourceTree = "<group>"; };
		42FFAFDE24FF2C4F00199C7E /* WMMenuView.m */ = {isa = PBXFileReference; fileEncoding = 4; lastKnownFileType = sourcecode.c.objc; path = WMMenuView.m; sourceTree = "<group>"; };
		42FFAFDF24FF2C4F00199C7E /* WMProgressView.m */ = {isa = PBXFileReference; fileEncoding = 4; lastKnownFileType = sourcecode.c.objc; path = WMProgressView.m; sourceTree = "<group>"; };
		42FFAFE024FF2C4F00199C7E /* WMPageController.h */ = {isa = PBXFileReference; fileEncoding = 4; lastKnownFileType = sourcecode.c.h; path = WMPageController.h; sourceTree = "<group>"; };
		42FFAFE124FF2C4F00199C7E /* UIViewController+WMPageController.h */ = {isa = PBXFileReference; fileEncoding = 4; lastKnownFileType = sourcecode.c.h; path = "UIViewController+WMPageController.h"; sourceTree = "<group>"; };
		51CFAA14775630F722CACB69 /* Pods-JamKit.debug.xcconfig */ = {isa = PBXFileReference; includeInIndex = 1; lastKnownFileType = text.xcconfig; name = "Pods-JamKit.debug.xcconfig"; path = "Target Support Files/Pods-JamKit/Pods-JamKit.debug.xcconfig"; sourceTree = "<group>"; };
		A42F743C73DBC2DC05691E63 /* Pods-JamKit.release.xcconfig */ = {isa = PBXFileReference; includeInIndex = 1; lastKnownFileType = text.xcconfig; name = "Pods-JamKit.release.xcconfig"; path = "Target Support Files/Pods-JamKit/Pods-JamKit.release.xcconfig"; sourceTree = "<group>"; };
/* End PBXFileReference section */

/* Begin PBXFrameworksBuildPhase section */
		42ABDCE624F8B7AA00E7ADF8 /* Frameworks */ = {
			isa = PBXFrameworksBuildPhase;
			buildActionMask = 2147483647;
			files = (
				4B5C866A70DC2FFEA0918AF9 /* libPods-JamKit.a in Frameworks */,
			);
			runOnlyForDeploymentPostprocessing = 0;
		};
/* End PBXFrameworksBuildPhase section */

/* Begin PBXGroup section */
		421183A12508B72300AB3A45 /* FYKeybord */ = {
			isa = PBXGroup;
			children = (
				421183A22508B72300AB3A45 /* FYNumberPad */,
				421183A92508B72300AB3A45 /* FYKeybordEnumFile.h */,
				421183AA2508B72300AB3A45 /* FYIDPad */,
				421183AD2508B72300AB3A45 /* FYKeybordFactory.m */,
				421183AE2508B72300AB3A45 /* icon_kb_del@3x.png */,
				421183AF2508B72300AB3A45 /* FYKeybordFactory.h */,
			);
			path = FYKeybord;
			sourceTree = "<group>";
		};
		421183A22508B72300AB3A45 /* FYNumberPad */ = {
			isa = PBXGroup;
			children = (
				421183A32508B72300AB3A45 /* FYNumberKeybordView.h */,
				421183A42508B72300AB3A45 /* FYCursorNumberKeybordView.h */,
				421183A52508B72300AB3A45 /* FYNumberPadModel.m */,
				421183A62508B72300AB3A45 /* FYNumberKeybordView.m */,
				421183A72508B72300AB3A45 /* FYNumberPadModel.h */,
				421183A82508B72300AB3A45 /* FYCursorNumberKeybordView.m */,
			);
			path = FYNumberPad;
			sourceTree = "<group>";
		};
		421183AA2508B72300AB3A45 /* FYIDPad */ = {
			isa = PBXGroup;
			children = (
				421183AB2508B72300AB3A45 /* FYIDPadView.h */,
				421183AC2508B72300AB3A45 /* FYIDPadView.m */,
			);
			path = FYIDPad;
			sourceTree = "<group>";
		};
		425F31A524FF9E240041858A /* YJHttpRequest */ = {
			isa = PBXGroup;
			children = (
				425F31A624FF9E240041858A /* YJHttpRequest.h */,
				425F31A724FF9E240041858A /* YJHttpRequest.m */,
			);
			path = YJHttpRequest;
			sourceTree = "<group>";
		};
		425F31A824FF9E240041858A /* YJJsonKit */ = {
			isa = PBXGroup;
			children = (
				425F31A924FF9E240041858A /* YJJsonKit.m */,
				425F31AA24FF9E240041858A /* YJJsonKit.h */,
			);
			path = YJJsonKit;
			sourceTree = "<group>";
		};
		42ABDCE024F8B7AA00E7ADF8 = {
			isa = PBXGroup;
			children = (
				42ABDCEB24F8B7AA00E7ADF8 /* JamKit */,
				42ABDCEA24F8B7AA00E7ADF8 /* Products */,
				9730A0471372EBE18EA30585 /* Pods */,
				A20C8FD242414C9876D7A269 /* Frameworks */,
			);
			sourceTree = "<group>";
		};
		42ABDCEA24F8B7AA00E7ADF8 /* Products */ = {
			isa = PBXGroup;
			children = (
				42ABDCE924F8B7AA00E7ADF8 /* JamKit.app */,
			);
			name = Products;
			sourceTree = "<group>";
		};
		42ABDCEB24F8B7AA00E7ADF8 /* JamKit */ = {
			isa = PBXGroup;
			children = (
				42ABDCEC24F8B7AA00E7ADF8 /* AppDelegate.h */,
				42ABDCED24F8B7AA00E7ADF8 /* AppDelegate.m */,
				42C690592501E94E00BAD42B /* YJBridge.html */,
				42ABDD0924F8B8D300E7ADF8 /* ViewControllers */,
				42C6907D25022D3300BAD42B /* Views */,
				42AE3EEF24FE3B6A00675837 /* Utils */,
				42AE3EF424FE3C9500675837 /* Extensions */,
				42ABDCF824F8B7AD00E7ADF8 /* Assets.xcassets */,
				42ABDCFA24F8B7AD00E7ADF8 /* LaunchScreen.storyboard */,
				42ABDCFD24F8B7AD00E7ADF8 /* Info.plist */,
				42ABDCFE24F8B7AD00E7ADF8 /* main.m */,
				42ABDD3E24FCDB5500E7ADF8 /* PrefixHeader.pch */,
			);
			path = JamKit;
			sourceTree = "<group>";
		};
		42ABDD0924F8B8D300E7ADF8 /* ViewControllers */ = {
			isa = PBXGroup;
			children = (
				42ABDD2224FC95DA00E7ADF8 /* Constant.h */,
				42AE3EEE24FE38ED00675837 /* NotificationName.h */,
				42ABDD0B24F8B8D300E7ADF8 /* RootViewController.h */,
				42ABDD0A24F8B8D300E7ADF8 /* RootViewController.m */,
				42ABDD2624FC9A7900E7ADF8 /* MainViewController.h */,
				42ABDD2724FC9A7900E7ADF8 /* MainViewController.m */,
				42ABDD4424FCFA4F00E7ADF8 /* BaseViewController.h */,
				42ABDD4524FCFA4F00E7ADF8 /* BaseViewController.m */,
				42FFAFD424FF2C4F00199C7E /* WMPageController */,
				42ABDD1124F8D8B600E7ADF8 /* WebViewViewController */,
			);
			path = ViewControllers;
			sourceTree = "<group>";
		};
		42ABDD1124F8D8B600E7ADF8 /* WebViewViewController */ = {
			isa = PBXGroup;
			children = (
				42F3579925062FCF008CE547 /* Module */,
				42F3579625062FC3008CE547 /* JS */,
				42AE3EEB24FE2B7000675837 /* WebViewViewController.h */,
				42AE3EEA24FE2B7000675837 /* WebViewViewController.m */,
			);
			path = WebViewViewController;
			sourceTree = "<group>";
		};
		42ABDD3424FCD55000E7ADF8 /* FDFullscreenPopGesture */ = {
			isa = PBXGroup;
			children = (
				42ABDD3524FCD55000E7ADF8 /* UINavigationController+FDFullscreenPopGesture.h */,
				42ABDD3624FCD55000E7ADF8 /* UINavigationController+FDFullscreenPopGesture.m */,
			);
			path = FDFullscreenPopGesture;
			sourceTree = "<group>";
		};
		42AE3EEF24FE3B6A00675837 /* Utils */ = {
			isa = PBXGroup;
			children = (
				425F31A524FF9E240041858A /* YJHttpRequest */,
				425F31A824FF9E240041858A /* YJJsonKit */,
				42AE3EF924FE3D1E00675837 /* MobileSimUtil */,
				42AE3EF024FE3B7400675837 /* UserAgentUtil */,
			);
			path = Utils;
			sourceTree = "<group>";
		};
		42AE3EF024FE3B7400675837 /* UserAgentUtil */ = {
			isa = PBXGroup;
			children = (
				42AE3EF124FE3B7400675837 /* UserAgentUtil.h */,
				42AE3EF224FE3B7400675837 /* UserAgentUtil.m */,
			);
			path = UserAgentUtil;
			sourceTree = "<group>";
		};
		42AE3EF424FE3C9500675837 /* Extensions */ = {
			isa = PBXGroup;
			children = (
				42C690612502283500BAD42B /* NSMutableArray+QueueAdditions */,
				42AE3F0324FE3D4900675837 /* NSString+MD5 */,
				42AE3EF824FE3CB500675837 /* UIDevice+IdentifierAddition */,
				42ABDD3424FCD55000E7ADF8 /* FDFullscreenPopGesture */,
			);
			path = Extensions;
			sourceTree = "<group>";
		};
		42AE3EF824FE3CB500675837 /* UIDevice+IdentifierAddition */ = {
			isa = PBXGroup;
			children = (
				42AE3EF624FE3CA300675837 /* UIDevice+IdentifierAddition.h */,
				42AE3EF524FE3CA300675837 /* UIDevice+IdentifierAddition.m */,
			);
			path = "UIDevice+IdentifierAddition";
			sourceTree = "<group>";
		};
		42AE3EF924FE3D1E00675837 /* MobileSimUtil */ = {
			isa = PBXGroup;
			children = (
				42AE3EFA24FE3D1E00675837 /* MobileSimModel.m */,
				42AE3EFB24FE3D1E00675837 /* MobileSimUtil.h */,
				42AE3EFC24FE3D1E00675837 /* MobileSimModel.h */,
				42AE3EFD24FE3D1E00675837 /* MobileSimUtil.m */,
			);
			path = MobileSimUtil;
			sourceTree = "<group>";
		};
		42AE3F0324FE3D4900675837 /* NSString+MD5 */ = {
			isa = PBXGroup;
			children = (
				42AE3F0024FE3D4200675837 /* NSString+MD5.h */,
				42AE3F0124FE3D4200675837 /* NSString+MD5.m */,
			);
			path = "NSString+MD5";
			sourceTree = "<group>";
		};
		42C690612502283500BAD42B /* NSMutableArray+QueueAdditions */ = {
			isa = PBXGroup;
			children = (
				42C690622502283500BAD42B /* NSMutableArray+QueueAdditions.h */,
				42C690632502283500BAD42B /* NSMutableArray+QueueAdditions.m */,
			);
			path = "NSMutableArray+QueueAdditions";
			sourceTree = "<group>";
		};
		42C6907D25022D3300BAD42B /* Views */ = {
			isa = PBXGroup;
			children = (
				421183A12508B72300AB3A45 /* FYKeybord */,
				42F3579225061898008CE547 /* BackNavigationBar */,
			);
			path = Views;
			sourceTree = "<group>";
		};
		42F3579225061898008CE547 /* BackNavigationBar */ = {
			isa = PBXGroup;
			children = (
				42F3579325061898008CE547 /* BackNavigationBar.h */,
				42F3579425061898008CE547 /* BackNavigationBar.m */,
			);
			path = BackNavigationBar;
			sourceTree = "<group>";
		};
		42F3579625062FC3008CE547 /* JS */ = {
			isa = PBXGroup;
			children = (
				42F3579725062FC3008CE547 /* WebViewJavascriptBridge.js */,
			);
			path = JS;
			sourceTree = "<group>";
		};
		42F3579925062FCF008CE547 /* Module */ = {
			isa = PBXGroup;
			children = (
				42F3579A25062FCF008CE547 /* ModuleContext.h */,
				42F3579F25062FCF008CE547 /* ModuleContext.m */,
				42F357A925077F27008CE547 /* ModuleNative.h */,
				42F357AA25077F27008CE547 /* ModuleNative.m */,
			);
			path = Module;
			sourceTree = "<group>";
		};
		42FFAFD424FF2C4F00199C7E /* WMPageController */ = {
			isa = PBXGroup;
			children = (
				42FFAFD724FF2C4F00199C7E /* WMMenuView */,
				42FFAFE124FF2C4F00199C7E /* UIViewController+WMPageController.h */,
				42FFAFD624FF2C4F00199C7E /* UIViewController+WMPageController.m */,
				42FFAFE024FF2C4F00199C7E /* WMPageController.h */,
				42FFAFD524FF2C4F00199C7E /* WMPageController.m */,
			);
			path = WMPageController;
			sourceTree = "<group>";
		};
		42FFAFD724FF2C4F00199C7E /* WMMenuView */ = {
			isa = PBXGroup;
			children = (
				42FFAFD924FF2C4F00199C7E /* WMMenuItem.h */,
				42FFAFDC24FF2C4F00199C7E /* WMMenuItem.m */,
				42FFAFDA24FF2C4F00199C7E /* WMMenuView.h */,
				42FFAFDE24FF2C4F00199C7E /* WMMenuView.m */,
				42FFAFDB24FF2C4F00199C7E /* WMProgressView.h */,
				42FFAFDF24FF2C4F00199C7E /* WMProgressView.m */,
				42FFAFD824FF2C4F00199C7E /* WMScrollView.h */,
				42FFAFDD24FF2C4F00199C7E /* WMScrollView.m */,
			);
			path = WMMenuView;
			sourceTree = "<group>";
		};
		9730A0471372EBE18EA30585 /* Pods */ = {
			isa = PBXGroup;
			children = (
				51CFAA14775630F722CACB69 /* Pods-JamKit.debug.xcconfig */,
				A42F743C73DBC2DC05691E63 /* Pods-JamKit.release.xcconfig */,
			);
			path = Pods;
			sourceTree = "<group>";
		};
		A20C8FD242414C9876D7A269 /* Frameworks */ = {
			isa = PBXGroup;
			children = (
				1D8C4175C81B10EDFEF713CF /* libPods-JamKit.a */,
			);
			name = Frameworks;
			sourceTree = "<group>";
		};
/* End PBXGroup section */

/* Begin PBXNativeTarget section */
		42ABDCE824F8B7AA00E7ADF8 /* JamKit */ = {
			isa = PBXNativeTarget;
			buildConfigurationList = 42ABDD0224F8B7AD00E7ADF8 /* Build configuration list for PBXNativeTarget "JamKit" */;
			buildPhases = (
				CD94EBD4CC171A84489E4AEF /* [CP] Check Pods Manifest.lock */,
				42ABDCE524F8B7AA00E7ADF8 /* Sources */,
				42ABDCE624F8B7AA00E7ADF8 /* Frameworks */,
				42ABDCE724F8B7AA00E7ADF8 /* Resources */,
				7C815C9BA3FD6F68C1E1112A /* [CP] Copy Pods Resources */,
			);
			buildRules = (
			);
			dependencies = (
			);
			name = JamKit;
			productName = JamKit;
			productReference = 42ABDCE924F8B7AA00E7ADF8 /* JamKit.app */;
			productType = "com.apple.product-type.application";
		};
/* End PBXNativeTarget section */

/* Begin PBXProject section */
		42ABDCE124F8B7AA00E7ADF8 /* Project object */ = {
			isa = PBXProject;
			attributes = {
				LastUpgradeCheck = 1160;
				ORGANIZATIONNAME = "张文洁";
				TargetAttributes = {
					42ABDCE824F8B7AA00E7ADF8 = {
						CreatedOnToolsVersion = 11.6;
					};
				};
			};
			buildConfigurationList = 42ABDCE424F8B7AA00E7ADF8 /* Build configuration list for PBXProject "JamKit" */;
			compatibilityVersion = "Xcode 9.3";
			developmentRegion = en;
			hasScannedForEncodings = 0;
			knownRegions = (
				en,
				Base,
			);
			mainGroup = 42ABDCE024F8B7AA00E7ADF8;
			productRefGroup = 42ABDCEA24F8B7AA00E7ADF8 /* Products */;
			projectDirPath = "";
			projectRoot = "";
			targets = (
				42ABDCE824F8B7AA00E7ADF8 /* JamKit */,
			);
		};
/* End PBXProject section */

/* Begin PBXResourcesBuildPhase section */
		42ABDCE724F8B7AA00E7ADF8 /* Resources */ = {
			isa = PBXResourcesBuildPhase;
			buildActionMask = 2147483647;
			files = (
				42C6905A2501E94E00BAD42B /* YJBridge.html in Resources */,
				42ABDCFC24F8B7AD00E7ADF8 /* LaunchScreen.storyboard in Resources */,
				42ABDCF924F8B7AD00E7ADF8 /* Assets.xcassets in Resources */,
				42F3579825062FC3008CE547 /* WebViewJavascriptBridge.js in Resources */,
				421183B52508B72300AB3A45 /* icon_kb_del@3x.png in Resources */,
			);
			runOnlyForDeploymentPostprocessing = 0;
		};
/* End PBXResourcesBuildPhase section */

/* Begin PBXShellScriptBuildPhase section */
		7C815C9BA3FD6F68C1E1112A /* [CP] Copy Pods Resources */ = {
			isa = PBXShellScriptBuildPhase;
			buildActionMask = 2147483647;
			files = (
			);
			inputFileListPaths = (
				"${PODS_ROOT}/Target Support Files/Pods-JamKit/Pods-JamKit-resources-${CONFIGURATION}-input-files.xcfilelist",
			);
			name = "[CP] Copy Pods Resources";
			outputFileListPaths = (
				"${PODS_ROOT}/Target Support Files/Pods-JamKit/Pods-JamKit-resources-${CONFIGURATION}-output-files.xcfilelist",
			);
			runOnlyForDeploymentPostprocessing = 0;
			shellPath = /bin/sh;
			shellScript = "\"${PODS_ROOT}/Target Support Files/Pods-JamKit/Pods-JamKit-resources.sh\"\n";
			showEnvVarsInLog = 0;
		};
		CD94EBD4CC171A84489E4AEF /* [CP] Check Pods Manifest.lock */ = {
			isa = PBXShellScriptBuildPhase;
			buildActionMask = 2147483647;
			files = (
			);
			inputFileListPaths = (
			);
			inputPaths = (
				"${PODS_PODFILE_DIR_PATH}/Podfile.lock",
				"${PODS_ROOT}/Manifest.lock",
			);
			name = "[CP] Check Pods Manifest.lock";
			outputFileListPaths = (
			);
			outputPaths = (
				"$(DERIVED_FILE_DIR)/Pods-JamKit-checkManifestLockResult.txt",
			);
			runOnlyForDeploymentPostprocessing = 0;
			shellPath = /bin/sh;
			shellScript = "diff \"${PODS_PODFILE_DIR_PATH}/Podfile.lock\" \"${PODS_ROOT}/Manifest.lock\" > /dev/null\nif [ $? != 0 ] ; then\n    # print error to STDERR\n    echo \"error: The sandbox is not in sync with the Podfile.lock. Run 'pod install' or update your CocoaPods installation.\" >&2\n    exit 1\nfi\n# This output is used by Xcode 'outputs' to avoid re-running this script phase.\necho \"SUCCESS\" > \"${SCRIPT_OUTPUT_FILE_0}\"\n";
			showEnvVarsInLog = 0;
		};
/* End PBXShellScriptBuildPhase section */

/* Begin PBXSourcesBuildPhase section */
		42ABDCE524F8B7AA00E7ADF8 /* Sources */ = {
			isa = PBXSourcesBuildPhase;
			buildActionMask = 2147483647;
			files = (
				421183B22508B72300AB3A45 /* FYCursorNumberKeybordView.m in Sources */,
				42AE3EFE24FE3D1E00675837 /* MobileSimModel.m in Sources */,
				42AE3EF724FE3CA300675837 /* UIDevice+IdentifierAddition.m in Sources */,
				42F357A725062FCF008CE547 /* ModuleContext.m in Sources */,
				425F31AB24FF9E240041858A /* YJHttpRequest.m in Sources */,
				42ABDCEE24F8B7AA00E7ADF8 /* AppDelegate.m in Sources */,
				42C690642502283500BAD42B /* NSMutableArray+QueueAdditions.m in Sources */,
				42F357AB25077F27008CE547 /* ModuleNative.m in Sources */,
				42ABDD2824FC9A7900E7ADF8 /* MainViewController.m in Sources */,
				42F3579525061898008CE547 /* BackNavigationBar.m in Sources */,
				42FFAFE424FF2C4F00199C7E /* WMMenuItem.m in Sources */,
				421183B42508B72300AB3A45 /* FYKeybordFactory.m in Sources */,
				42FFAFE724FF2C4F00199C7E /* WMProgressView.m in Sources */,
				42FFAFE224FF2C4F00199C7E /* WMPageController.m in Sources */,
				42AE3EF324FE3B7400675837 /* UserAgentUtil.m in Sources */,
				42AE3EFF24FE3D1E00675837 /* MobileSimUtil.m in Sources */,
				42AE3F0224FE3D4200675837 /* NSString+MD5.m in Sources */,
				421183B32508B72300AB3A45 /* FYIDPadView.m in Sources */,
				425F31AC24FF9E240041858A /* YJJsonKit.m in Sources */,
				42FFAFE524FF2C4F00199C7E /* WMScrollView.m in Sources */,
				42ABDD4624FCFA4F00E7ADF8 /* BaseViewController.m in Sources */,
				42FFAFE324FF2C4F00199C7E /* UIViewController+WMPageController.m in Sources */,
				42AE3EEC24FE2B7000675837 /* WebViewViewController.m in Sources */,
				421183B02508B72300AB3A45 /* FYNumberPadModel.m in Sources */,
				421183B12508B72300AB3A45 /* FYNumberKeybordView.m in Sources */,
				42FFAFE624FF2C4F00199C7E /* WMMenuView.m in Sources */,
				42ABDD0C24F8B8D300E7ADF8 /* RootViewController.m in Sources */,
				42ABDCFF24F8B7AD00E7ADF8 /* main.m in Sources */,
				42ABDD3724FCD55000E7ADF8 /* UINavigationController+FDFullscreenPopGesture.m in Sources */,
			);
			runOnlyForDeploymentPostprocessing = 0;
		};
/* End PBXSourcesBuildPhase section */

/* Begin PBXVariantGroup section */
		42ABDCFA24F8B7AD00E7ADF8 /* LaunchScreen.storyboard */ = {
			isa = PBXVariantGroup;
			children = (
				42ABDCFB24F8B7AD00E7ADF8 /* Base */,
			);
			name = LaunchScreen.storyboard;
			sourceTree = "<group>";
		};
/* End PBXVariantGroup section */

/* Begin XCBuildConfiguration section */
		42ABDD0024F8B7AD00E7ADF8 /* Debug */ = {
			isa = XCBuildConfiguration;
			buildSettings = {
				ALWAYS_SEARCH_USER_PATHS = NO;
				CLANG_ANALYZER_NONNULL = YES;
				CLANG_ANALYZER_NUMBER_OBJECT_CONVERSION = YES_AGGRESSIVE;
				CLANG_CXX_LANGUAGE_STANDARD = "gnu++14";
				CLANG_CXX_LIBRARY = "libc++";
				CLANG_ENABLE_MODULES = YES;
				CLANG_ENABLE_OBJC_ARC = YES;
				CLANG_ENABLE_OBJC_WEAK = YES;
				CLANG_WARN_BLOCK_CAPTURE_AUTORELEASING = YES;
				CLANG_WARN_BOOL_CONVERSION = YES;
				CLANG_WARN_COMMA = YES;
				CLANG_WARN_CONSTANT_CONVERSION = YES;
				CLANG_WARN_DEPRECATED_OBJC_IMPLEMENTATIONS = YES;
				CLANG_WARN_DIRECT_OBJC_ISA_USAGE = YES_ERROR;
				CLANG_WARN_DOCUMENTATION_COMMENTS = YES;
				CLANG_WARN_EMPTY_BODY = YES;
				CLANG_WARN_ENUM_CONVERSION = YES;
				CLANG_WARN_INFINITE_RECURSION = YES;
				CLANG_WARN_INT_CONVERSION = YES;
				CLANG_WARN_NON_LITERAL_NULL_CONVERSION = YES;
				CLANG_WARN_OBJC_IMPLICIT_RETAIN_SELF = YES;
				CLANG_WARN_OBJC_LITERAL_CONVERSION = YES;
				CLANG_WARN_OBJC_ROOT_CLASS = YES_ERROR;
				CLANG_WARN_RANGE_LOOP_ANALYSIS = YES;
				CLANG_WARN_STRICT_PROTOTYPES = YES;
				CLANG_WARN_SUSPICIOUS_MOVE = YES;
				CLANG_WARN_UNGUARDED_AVAILABILITY = YES_AGGRESSIVE;
				CLANG_WARN_UNREACHABLE_CODE = YES;
				CLANG_WARN__DUPLICATE_METHOD_MATCH = YES;
				COPY_PHASE_STRIP = NO;
				DEBUG_INFORMATION_FORMAT = dwarf;
				ENABLE_STRICT_OBJC_MSGSEND = YES;
				ENABLE_TESTABILITY = YES;
				GCC_C_LANGUAGE_STANDARD = gnu11;
				GCC_DYNAMIC_NO_PIC = NO;
				GCC_NO_COMMON_BLOCKS = YES;
				GCC_OPTIMIZATION_LEVEL = 0;
				GCC_PREPROCESSOR_DEFINITIONS = (
					"DEBUG=1",
					"$(inherited)",
				);
				GCC_WARN_64_TO_32_BIT_CONVERSION = YES;
				GCC_WARN_ABOUT_RETURN_TYPE = YES_ERROR;
				GCC_WARN_UNDECLARED_SELECTOR = YES;
				GCC_WARN_UNINITIALIZED_AUTOS = YES_AGGRESSIVE;
				GCC_WARN_UNUSED_FUNCTION = YES;
				GCC_WARN_UNUSED_VARIABLE = YES;
				IPHONEOS_DEPLOYMENT_TARGET = 8.0;
				MTL_ENABLE_DEBUG_INFO = INCLUDE_SOURCE;
				MTL_FAST_MATH = YES;
				ONLY_ACTIVE_ARCH = YES;
				SDKROOT = iphoneos;
			};
			name = Debug;
		};
		42ABDD0124F8B7AD00E7ADF8 /* Release */ = {
			isa = XCBuildConfiguration;
			buildSettings = {
				ALWAYS_SEARCH_USER_PATHS = NO;
				CLANG_ANALYZER_NONNULL = YES;
				CLANG_ANALYZER_NUMBER_OBJECT_CONVERSION = YES_AGGRESSIVE;
				CLANG_CXX_LANGUAGE_STANDARD = "gnu++14";
				CLANG_CXX_LIBRARY = "libc++";
				CLANG_ENABLE_MODULES = YES;
				CLANG_ENABLE_OBJC_ARC = YES;
				CLANG_ENABLE_OBJC_WEAK = YES;
				CLANG_WARN_BLOCK_CAPTURE_AUTORELEASING = YES;
				CLANG_WARN_BOOL_CONVERSION = YES;
				CLANG_WARN_COMMA = YES;
				CLANG_WARN_CONSTANT_CONVERSION = YES;
				CLANG_WARN_DEPRECATED_OBJC_IMPLEMENTATIONS = YES;
				CLANG_WARN_DIRECT_OBJC_ISA_USAGE = YES_ERROR;
				CLANG_WARN_DOCUMENTATION_COMMENTS = YES;
				CLANG_WARN_EMPTY_BODY = YES;
				CLANG_WARN_ENUM_CONVERSION = YES;
				CLANG_WARN_INFINITE_RECURSION = YES;
				CLANG_WARN_INT_CONVERSION = YES;
				CLANG_WARN_NON_LITERAL_NULL_CONVERSION = YES;
				CLANG_WARN_OBJC_IMPLICIT_RETAIN_SELF = YES;
				CLANG_WARN_OBJC_LITERAL_CONVERSION = YES;
				CLANG_WARN_OBJC_ROOT_CLASS = YES_ERROR;
				CLANG_WARN_RANGE_LOOP_ANALYSIS = YES;
				CLANG_WARN_STRICT_PROTOTYPES = YES;
				CLANG_WARN_SUSPICIOUS_MOVE = YES;
				CLANG_WARN_UNGUARDED_AVAILABILITY = YES_AGGRESSIVE;
				CLANG_WARN_UNREACHABLE_CODE = YES;
				CLANG_WARN__DUPLICATE_METHOD_MATCH = YES;
				COPY_PHASE_STRIP = NO;
				DEBUG_INFORMATION_FORMAT = "dwarf-with-dsym";
				ENABLE_NS_ASSERTIONS = NO;
				ENABLE_STRICT_OBJC_MSGSEND = YES;
				GCC_C_LANGUAGE_STANDARD = gnu11;
				GCC_NO_COMMON_BLOCKS = YES;
				GCC_WARN_64_TO_32_BIT_CONVERSION = YES;
				GCC_WARN_ABOUT_RETURN_TYPE = YES_ERROR;
				GCC_WARN_UNDECLARED_SELECTOR = YES;
				GCC_WARN_UNINITIALIZED_AUTOS = YES_AGGRESSIVE;
				GCC_WARN_UNUSED_FUNCTION = YES;
				GCC_WARN_UNUSED_VARIABLE = YES;
				IPHONEOS_DEPLOYMENT_TARGET = 8.0;
				MTL_ENABLE_DEBUG_INFO = NO;
				MTL_FAST_MATH = YES;
				SDKROOT = iphoneos;
				VALIDATE_PRODUCT = YES;
			};
			name = Release;
		};
		42ABDD0324F8B7AD00E7ADF8 /* Debug */ = {
			isa = XCBuildConfiguration;
			baseConfigurationReference = 51CFAA14775630F722CACB69 /* Pods-JamKit.debug.xcconfig */;
			buildSettings = {
				ASSETCATALOG_COMPILER_APPICON_NAME = AppIcon;
				CODE_SIGN_IDENTITY = "iPhone Developer";
				CODE_SIGN_STYLE = Manual;
				DEVELOPMENT_TEAM = D38C434CHM;
				GCC_PREFIX_HEADER = "$(SRCROOT)/JamKit/PrefixHeader.pch";
				INFOPLIST_FILE = JamKit/Info.plist;
				LD_RUNPATH_SEARCH_PATHS = (
					"$(inherited)",
					"@executable_path/Frameworks",
				);
				PRODUCT_BUNDLE_IDENTIFIER = com.JamStudio.JamKit;
				PRODUCT_NAME = "$(TARGET_NAME)";
				PROVISIONING_PROFILE_SPECIFIER = YinYinPingTai;
				TARGETED_DEVICE_FAMILY = 1;
			};
			name = Debug;
		};
		42ABDD0424F8B7AD00E7ADF8 /* Release */ = {
			isa = XCBuildConfiguration;
			baseConfigurationReference = A42F743C73DBC2DC05691E63 /* Pods-JamKit.release.xcconfig */;
			buildSettings = {
				ASSETCATALOG_COMPILER_APPICON_NAME = AppIcon;
				CODE_SIGN_IDENTITY = "iPhone Developer";
				CODE_SIGN_STYLE = Manual;
				DEVELOPMENT_TEAM = D38C434CHM;
				GCC_PREFIX_HEADER = "$(SRCROOT)/JamKit/PrefixHeader.pch";
				INFOPLIST_FILE = JamKit/Info.plist;
				LD_RUNPATH_SEARCH_PATHS = (
					"$(inherited)",
					"@executable_path/Frameworks",
				);
				PRODUCT_BUNDLE_IDENTIFIER = com.JamStudio.JamKit;
				PRODUCT_NAME = "$(TARGET_NAME)";
				PROVISIONING_PROFILE_SPECIFIER = YinYinPingTai;
				TARGETED_DEVICE_FAMILY = 1;
			};
			name = Release;
		};
/* End XCBuildConfiguration section */

/* Begin XCConfigurationList section */
		42ABDCE424F8B7AA00E7ADF8 /* Build configuration list for PBXProject "JamKit" */ = {
			isa = XCConfigurationList;
			buildConfigurations = (
				42ABDD0024F8B7AD00E7ADF8 /* Debug */,
				42ABDD0124F8B7AD00E7ADF8 /* Release */,
			);
			defaultConfigurationIsVisible = 0;
			defaultConfigurationName = Release;
		};
		42ABDD0224F8B7AD00E7ADF8 /* Build configuration list for PBXNativeTarget "JamKit" */ = {
			isa = XCConfigurationList;
			buildConfigurations = (
				42ABDD0324F8B7AD00E7ADF8 /* Debug */,
				42ABDD0424F8B7AD00E7ADF8 /* Release */,
			);
			defaultConfigurationIsVisible = 0;
			defaultConfigurationName = Release;
		};
/* End XCConfigurationList section */
	};
	rootObject = 42ABDCE124F8B7AA00E7ADF8 /* Project object */;
}
